// !$*UTF8*$!
{
	archiveVersion = 1;
	classes = {
	};
	objectVersion = 77;
	objects = {

/* Begin PBXContainerItemProxy section */
		9EB028C32EA80D1B00F48163 /* PBXContainerItemProxy */ = {
			isa = PBXContainerItemProxy;
			containerPortal = 9EB028A12EA80D1900F48163 /* Project object */;
			proxyType = 1;
			remoteGlobalIDString = 9EB028A82EA80D1900F48163;
			remoteInfo = "login-uikit-ui-testing";
		};
		9EB028CD2EA80D1B00F48163 /* PBXContainerItemProxy */ = {
			isa = PBXContainerItemProxy;
			containerPortal = 9EB028A12EA80D1900F48163 /* Project object */;
			proxyType = 1;
			remoteGlobalIDString = 9EB028A82EA80D1900F48163;
			remoteInfo = "login-uikit-ui-testing";
		};
/* End PBXContainerItemProxy section */

/* Begin PBXFileReference section */
		9EB028A92EA80D1900F48163 /* login-uikit-ui-testing.app */ = {isa = PBXFileReference; explicitFileType = wrapper.application; includeInIndex = 0; path = "login-uikit-ui-testing.app"; sourceTree = BUILT_PRODUCTS_DIR; };
		9EB028C22EA80D1B00F48163 /* login-uikit-ui-testingTests.xctest */ = {isa = PBXFileReference; explicitFileType = wrapper.cfbundle; includeInIndex = 0; path = "login-uikit-ui-testingTests.xctest"; sourceTree = BUILT_PRODUCTS_DIR; };
		9EB028CC2EA80D1B00F48163 /* login-uikit-ui-testingUITests.xctest */ = {isa = PBXFileReference; explicitFileType = wrapper.cfbundle; includeInIndex = 0; path = "login-uikit-ui-testingUITests.xctest"; sourceTree = BUILT_PRODUCTS_DIR; };
/* End PBXFileReference section */

/* Begin PBXFileSystemSynchronizedBuildFileExceptionSet section */
		9EB028D42EA80D1B00F48163 /* Exceptions for "login-uikit-ui-testing" folder in "login-uikit-ui-testing" target */ = {
			isa = PBXFileSystemSynchronizedBuildFileExceptionSet;
			membershipExceptions = (
				Info.plist,
			);
			target = 9EB028A82EA80D1900F48163 /* login-uikit-ui-testing */;
		};
/* End PBXFileSystemSynchronizedBuildFileExceptionSet section */

/* Begin PBXFileSystemSynchronizedRootGroup section */
		9EB028AB2EA80D1900F48163 /* login-uikit-ui-testing */ = {
			isa = PBXFileSystemSynchronizedRootGroup;
			exceptions = (
				9EB028D42EA80D1B00F48163 /* Exceptions for "login-uikit-ui-testing" folder in "login-uikit-ui-testing" target */,
			);
			path = "login-uikit-ui-testing";
			sourceTree = "<group>";
		};
		9EB028C52EA80D1B00F48163 /* login-uikit-ui-testingTests */ = {
			isa = PBXFileSystemSynchronizedRootGroup;
			path = "login-uikit-ui-testingTests";
			sourceTree = "<group>";
		};
		9EB028CF2EA80D1B00F48163 /* login-uikit-ui-testingUITests */ = {
			isa = PBXFileSystemSynchronizedRootGroup;
			path = "login-uikit-ui-testingUITests";
			sourceTree = "<group>";
		};
/* End PBXFileSystemSynchronizedRootGroup section */

/* Begin PBXFrameworksBuildPhase section */
		9EB028A62EA80D1900F48163 /* Frameworks */ = {
			isa = PBXFrameworksBuildPhase;
			buildActionMask = 2147483647;
			files = (
			);
			runOnlyForDeploymentPostprocessing = 0;
		};
		9EB028BF2EA80D1B00F48163 /* Frameworks */ = {
			isa = PBXFrameworksBuildPhase;
			buildActionMask = 2147483647;
			files = (
			);
			runOnlyForDeploymentPostprocessing = 0;
		};
		9EB028C92EA80D1B00F48163 /* Frameworks */ = {
			isa = PBXFrameworksBuildPhase;
			buildActionMask = 2147483647;
			files = (
			);
			runOnlyForDeploymentPostprocessing = 0;
		};
/* End PBXFrameworksBuildPhase section */

/* Begin PBXGroup section */
		9EB028A02EA80D1900F48163 = {
			isa = PBXGroup;
			children = (
				9EB028AB2EA80D1900F48163 /* login-uikit-ui-testing */,
				9EB028C52EA80D1B00F48163 /* login-uikit-ui-testingTests */,
				9EB028CF2EA80D1B00F48163 /* login-uikit-ui-testingUITests */,
				9EB028AA2EA80D1900F48163 /* Products */,
			);
			sourceTree = "<group>";
		};
		9EB028AA2EA80D1900F48163 /* Products */ = {
			isa = PBXGroup;
			children = (
				9EB028A92EA80D1900F48163 /* login-uikit-ui-testing.app */,
				9EB028C22EA80D1B00F48163 /* login-uikit-ui-testingTests.xctest */,
				9EB028CC2EA80D1B00F48163 /* login-uikit-ui-testingUITests.xctest */,
			);
			name = Products;
			sourceTree = "<group>";
		};
/* End PBXGroup section */

/* Begin PBXNativeTarget section */
		9EB028A82EA80D1900F48163 /* login-uikit-ui-testing */ = {
			isa = PBXNativeTarget;
			buildConfigurationList = 9EB028D52EA80D1B00F48163 /* Build configuration list for PBXNativeTarget "login-uikit-ui-testing" */;
			buildPhases = (
				9EB028A52EA80D1900F48163 /* Sources */,
				9EB028A62EA80D1900F48163 /* Frameworks */,
				9EB028A72EA80D1900F48163 /* Resources */,
			);
			buildRules = (
			);
			dependencies = (
			);
			fileSystemSynchronizedGroups = (
				9EB028AB2EA80D1900F48163 /* login-uikit-ui-testing */,
			);
			name = "login-uikit-ui-testing";
			packageProductDependencies = (
			);
			productName = "login-uikit-ui-testing";
			productReference = 9EB028A92EA80D1900F48163 /* login-uikit-ui-testing.app */;
			productType = "com.apple.product-type.application";
		};
		9EB028C12EA80D1B00F48163 /* login-uikit-ui-testingTests */ = {
			isa = PBXNativeTarget;
			buildConfigurationList = 9EB028DA2EA80D1B00F48163 /* Build configuration list for PBXNativeTarget "login-uikit-ui-testingTests" */;
			buildPhases = (
				9EB028BE2EA80D1B00F48163 /* Sources */,
				9EB028BF2EA80D1B00F48163 /* Frameworks */,
				9EB028C02EA80D1B00F48163 /* Resources */,
			);
			buildRules = (
			);
			dependencies = (
				9EB028C42EA80D1B00F48163 /* PBXTargetDependency */,
			);
			fileSystemSynchronizedGroups = (
				9EB028C52EA80D1B00F48163 /* login-uikit-ui-testingTests */,
			);
			name = "login-uikit-ui-testingTests";
			packageProductDependencies = (
			);
			productName = "login-uikit-ui-testingTests";
			productReference = 9EB028C22EA80D1B00F48163 /* login-uikit-ui-testingTests.xctest */;
			productType = "com.apple.product-type.bundle.unit-test";
		};
		9EB028CB2EA80D1B00F48163 /* login-uikit-ui-testingUITests */ = {
			isa = PBXNativeTarget;
			buildConfigurationList = 9EB028DD2EA80D1B00F48163 /* Build configuration list for PBXNativeTarget "login-uikit-ui-testingUITests" */;
			buildPhases = (
				9EB028C82EA80D1B00F48163 /* Sources */,
				9EB028C92EA80D1B00F48163 /* Frameworks */,
				9EB028CA2EA80D1B00F48163 /* Resources */,
			);
			buildRules = (
			);
			dependencies = (
				9EB028CE2EA80D1B00F48163 /* PBXTargetDependency */,
			);
			fileSystemSynchronizedGroups = (
				9EB028CF2EA80D1B00F48163 /* login-uikit-ui-testingUITests */,
			);
			name = "login-uikit-ui-testingUITests";
			packageProductDependencies = (
			);
			productName = "login-uikit-ui-testingUITests";
			productReference = 9EB028CC2EA80D1B00F48163 /* login-uikit-ui-testingUITests.xctest */;
			productType = "com.apple.product-type.bundle.ui-testing";
		};
/* End PBXNativeTarget section */

/* Begin PBXProject section */
		9EB028A12EA80D1900F48163 /* Project object */ = {
			isa = PBXProject;
			attributes = {
				BuildIndependentTargetsInParallel = 1;
				LastSwiftUpdateCheck = 1620;
				LastUpgradeCheck = 1620;
				TargetAttributes = {
					9EB028A82EA80D1900F48163 = {
						CreatedOnToolsVersion = 16.2;
					};
					9EB028C12EA80D1B00F48163 = {
						CreatedOnToolsVersion = 16.2;
						TestTargetID = 9EB028A82EA80D1900F48163;
					};
					9EB028CB2EA80D1B00F48163 = {
						CreatedOnToolsVersion = 16.2;
						TestTargetID = 9EB028A82EA80D1900F48163;
					};
				};
			};
			buildConfigurationList = 9EB028A42EA80D1900F48163 /* Build configuration list for PBXProject "login-uikit-ui-testing" */;
			developmentRegion = en;
			hasScannedForEncodings = 0;
			knownRegions = (
				en,
				Base,
			);
			mainGroup = 9EB028A02EA80D1900F48163;
			minimizedProjectReferenceProxies = 1;
			preferredProjectObjectVersion = 77;
			productRefGroup = 9EB028AA2EA80D1900F48163 /* Products */;
			projectDirPath = "";
			projectRoot = "";
			targets = (
				9EB028A82EA80D1900F48163 /* login-uikit-ui-testing */,
				9EB028C12EA80D1B00F48163 /* login-uikit-ui-testingTests */,
				9EB028CB2EA80D1B00F48163 /* login-uikit-ui-testingUITests */,
			);
		};
/* End PBXProject section */

/* Begin PBXResourcesBuildPhase section */
		9EB028A72EA80D1900F48163 /* Resources */ = {
			isa = PBXResourcesBuildPhase;
			buildActionMask = 2147483647;
			files = (
			);
			runOnlyForDeploymentPostprocessing = 0;
		};
		9EB028C02EA80D1B00F48163 /* Resources */ = {
			isa = PBXResourcesBuildPhase;
			buildActionMask = 2147483647;
			files = (
			);
			runOnlyForDeploymentPostprocessing = 0;
		};
		9EB028CA2EA80D1B00F48163 /* Resources */ = {
			isa = PBXResourcesBuildPhase;
			buildActionMask = 2147483647;
			files = (
			);
			runOnlyForDeploymentPostprocessing = 0;
		};
/* End PBXResourcesBuildPhase section */

/* Begin PBXSourcesBuildPhase section */
		9EB028A52EA80D1900F48163 /* Sources */ = {
			isa = PBXSourcesBuildPhase;
			buildActionMask = 2147483647;
			files = (
			);
			runOnlyForDeploymentPostprocessing = 0;
		};
		9EB028BE2EA80D1B00F48163 /* Sources */ = {
			isa = PBXSourcesBuildPhase;
			buildActionMask = 2147483647;
			files = (
			);
			runOnlyForDeploymentPostprocessing = 0;
		};
		9EB028C82EA80D1B00F48163 /* Sources */ = {
			isa = PBXSourcesBuildPhase;
			buildActionMask = 2147483647;
			files = (
			);
			runOnlyForDeploymentPostprocessing = 0;
		};
/* End PBXSourcesBuildPhase section */

/* Begin PBXTargetDependency section */
		9EB028C42EA80D1B00F48163 /* PBXTargetDependency */ = {
			isa = PBXTargetDependency;
			target = 9EB028A82EA80D1900F48163 /* login-uikit-ui-testing */;
			targetProxy = 9EB028C32EA80D1B00F48163 /* PBXContainerItemProxy */;
		};
		9EB028CE2EA80D1B00F48163 /* PBXTargetDependency */ = {
			isa = PBXTargetDependency;
			target = 9EB028A82EA80D1900F48163 /* login-uikit-ui-testing */;
			targetProxy = 9EB028CD2EA80D1B00F48163 /* PBXContainerItemProxy */;
		};
/* End PBXTargetDependency section */

/* Begin XCBuildConfiguration section */
		9EB028D62EA80D1B00F48163 /* Debug */ = {
			isa = XCBuildConfiguration;
			buildSettings = {
				ASSETCATALOG_COMPILER_APPICON_NAME = AppIcon;
				ASSETCATALOG_COMPILER_GLOBAL_ACCENT_COLOR_NAME = AccentColor;
				CODE_SIGN_STYLE = Automatic;
				CURRENT_PROJECT_VERSION = 1;
				DEVELOPMENT_TEAM = 55756SRTUS;
				GENERATE_INFOPLIST_FILE = YES;
				INFOPLIST_FILE = "login-uikit-ui-testing/Info.plist";
				INFOPLIST_KEY_UIApplicationSupportsIndirectInputEvents = YES;
				INFOPLIST_KEY_UILaunchStoryboardName = LaunchScreen;
				INFOPLIST_KEY_UIMainStoryboardFile = Main;
				INFOPLIST_KEY_UISupportedInterfaceOrientations_iPad = "UIInterfaceOrientationPortrait UIInterfaceOrientationPortraitUpsideDown UIInterfaceOrientationLandscapeLeft UIInterfaceOrientationLandscapeRight";
				INFOPLIST_KEY_UISupportedInterfaceOrientations_iPhone = "UIInterfaceOrientationPortrait UIInterfaceOrientationLandscapeLeft UIInterfaceOrientationLandscapeRight";
				LD_RUNPATH_SEARCH_PATHS = (
					"$(inherited)",
					"@executable_path/Frameworks",
				);
				MARKETING_VERSION = 1.0;
				PRODUCT_BUNDLE_IDENTIFIER = "Jessica-Vasquez.login-uikit-ui-testing";
				PRODUCT_NAME = "$(TARGET_NAME)";
				SWIFT_EMIT_LOC_STRINGS = YES;
				SWIFT_VERSION = 5.0;
				TARGETED_DEVICE_FAMILY = "1,2";
			};
			name = Debug;
		};
		9EB028D72EA80D1B00F48163 /* Release */ = {
			isa = XCBuildConfiguration;
			buildSettings = {
				ASSETCATALOG_COMPILER_APPICON_NAME = AppIcon;
				ASSETCATALOG_COMPILER_GLOBAL_ACCENT_COLOR_NAME = AccentColor;
				CODE_SIGN_STYLE = Automatic;
				CURRENT_PROJECT_VERSION = 1;
				DEVELOPMENT_TEAM = 55756SRTUS;
				GENERATE_INFOPLIST_FILE = YES;
				INFOPLIST_FILE = "login-uikit-ui-testing/Info.plist";
				INFOPLIST_KEY_UIApplicationSupportsIndirectInputEvents = YES;
				INFOPLIST_KEY_UILaunchStoryboardName = LaunchScreen;
				INFOPLIST_KEY_UIMainStoryboardFile = Main;
				INFOPLIST_KEY_UISupportedInterfaceOrientations_iPad = "UIInterfaceOrientationPortrait UIInterfaceOrientationPortraitUpsideDown UIInterfaceOrientationLandscapeLeft UIInterfaceOrientationLandscapeRight";
				INFOPLIST_KEY_UISupportedInterfaceOrientations_iPhone = "UIInterfaceOrientationPortrait UIInterfaceOrientationLandscapeLeft UIInterfaceOrientationLandscapeRight";
				LD_RUNPATH_SEARCH_PATHS = (
					"$(inherited)",
					"@executable_path/Frameworks",
				);
				MARKETING_VERSION = 1.0;
				PRODUCT_BUNDLE_IDENTIFIER = "Jessica-Vasquez.login-uikit-ui-testing";
				PRODUCT_NAME = "$(TARGET_NAME)";
				SWIFT_EMIT_LOC_STRINGS = YES;
				SWIFT_VERSION = 5.0;
				TARGETED_DEVICE_FAMILY = "1,2";
			};
			name = Release;
		};
		9EB028D82EA80D1B00F48163 /* Debug */ = {
			isa = XCBuildConfiguration;
			buildSettings = {
				ALWAYS_SEARCH_USER_PATHS = NO;
				ASSETCATALOG_COMPILER_GENERATE_SWIFT_ASSET_SYMBOL_EXTENSIONS = YES;
				CLANG_ANALYZER_NONNULL = YES;
				CLANG_ANALYZER_NUMBER_OBJECT_CONVERSION = YES_AGGRESSIVE;
				CLANG_CXX_LANGUAGE_STANDARD = "gnu++20";
				CLANG_ENABLE_MODULES = YES;
				CLANG_ENABLE_OBJC_ARC = YES;
				CLANG_ENABLE_OBJC_WEAK = YES;
				CLANG_WARN_BLOCK_CAPTURE_AUTORELEASING = YES;
				CLANG_WARN_BOOL_CONVERSION = YES;
				CLANG_WARN_COMMA = YES;
				CLANG_WARN_CONSTANT_CONVERSION = YES;
				CLANG_WARN_DEPRECATED_OBJC_IMPLEMENTATIONS = YES;
				CLANG_WARN_DIRECT_OBJC_ISA_USAGE = YES_ERROR;
				CLANG_WARN_DOCUMENTATION_COMMENTS = YES;
				CLANG_WARN_EMPTY_BODY = YES;
				CLANG_WARN_ENUM_CONVERSION = YES;
				CLANG_WARN_INFINITE_RECURSION = YES;
				CLANG_WARN_INT_CONVERSION = YES;
				CLANG_WARN_NON_LITERAL_NULL_CONVERSION = YES;
				CLANG_WARN_OBJC_IMPLICIT_RETAIN_SELF = YES;
				CLANG_WARN_OBJC_LITERAL_CONVERSION = YES;
				CLANG_WARN_OBJC_ROOT_CLASS = YES_ERROR;
				CLANG_WARN_QUOTED_INCLUDE_IN_FRAMEWORK_HEADER = YES;
				CLANG_WARN_RANGE_LOOP_ANALYSIS = YES;
				CLANG_WARN_STRICT_PROTOTYPES = YES;
				CLANG_WARN_SUSPICIOUS_MOVE = YES;
				CLANG_WARN_UNGUARDED_AVAILABILITY = YES_AGGRESSIVE;
				CLANG_WARN_UNREACHABLE_CODE = YES;
				CLANG_WARN__DUPLICATE_METHOD_MATCH = YES;
				COPY_PHASE_STRIP = NO;
				DEBUG_INFORMATION_FORMAT = dwarf;
				ENABLE_STRICT_OBJC_MSGSEND = YES;
				ENABLE_TESTABILITY = YES;
				ENABLE_USER_SCRIPT_SANDBOXING = YES;
				GCC_C_LANGUAGE_STANDARD = gnu17;
				GCC_DYNAMIC_NO_PIC = NO;
				GCC_NO_COMMON_BLOCKS = YES;
				GCC_OPTIMIZATION_LEVEL = 0;
				GCC_PREPROCESSOR_DEFINITIONS = (
					"DEBUG=1",
					"$(inherited)",
				);
				GCC_WARN_64_TO_32_BIT_CONVERSION = YES;
				GCC_WARN_ABOUT_RETURN_TYPE = YES_ERROR;
				GCC_WARN_UNDECLARED_SELECTOR = YES;
				GCC_WARN_UNINITIALIZED_AUTOS = YES_AGGRESSIVE;
				GCC_WARN_UNUSED_FUNCTION = YES;
				GCC_WARN_UNUSED_VARIABLE = YES;
				IPHONEOS_DEPLOYMENT_TARGET = 18.2;
				LOCALIZATION_PREFERS_STRING_CATALOGS = YES;
				MTL_ENABLE_DEBUG_INFO = INCLUDE_SOURCE;
				MTL_FAST_MATH = YES;
				ONLY_ACTIVE_ARCH = YES;
				SDKROOT = iphoneos;
				SWIFT_ACTIVE_COMPILATION_CONDITIONS = "DEBUG $(inherited)";
				SWIFT_OPTIMIZATION_LEVEL = "-Onone";
			};
			name = Debug;
		};
		9EB028D92EA80D1B00F48163 /* Release */ = {
			isa = XCBuildConfiguration;
			buildSettings = {
				ALWAYS_SEARCH_USER_PATHS = NO;
				ASSETCATALOG_COMPILER_GENERATE_SWIFT_ASSET_SYMBOL_EXTENSIONS = YES;
				CLANG_ANALYZER_NONNULL = YES;
				CLANG_ANALYZER_NUMBER_OBJECT_CONVERSION = YES_AGGRESSIVE;
				CLANG_CXX_LANGUAGE_STANDARD = "gnu++20";
				CLANG_ENABLE_MODULES = YES;
				CLANG_ENABLE_OBJC_ARC = YES;
				CLANG_ENABLE_OBJC_WEAK = YES;
				CLANG_WARN_BLOCK_CAPTURE_AUTORELEASING = YES;
				CLANG_WARN_BOOL_CONVERSION = YES;
				CLANG_WARN_COMMA = YES;
				CLANG_WARN_CONSTANT_CONVERSION = YES;
				CLANG_WARN_DEPRECATED_OBJC_IMPLEMENTATIONS = YES;
				CLANG_WARN_DIRECT_OBJC_ISA_USAGE = YES_ERROR;
				CLANG_WARN_DOCUMENTATION_COMMENTS = YES;
				CLANG_WARN_EMPTY_BODY = YES;
				CLANG_WARN_ENUM_CONVERSION = YES;
				CLANG_WARN_INFINITE_RECURSION = YES;
				CLANG_WARN_INT_CONVERSION = YES;
				CLANG_WARN_NON_LITERAL_NULL_CONVERSION = YES;
				CLANG_WARN_OBJC_IMPLICIT_RETAIN_SELF = YES;
				CLANG_WARN_OBJC_LITERAL_CONVERSION = YES;
				CLANG_WARN_OBJC_ROOT_CLASS = YES_ERROR;
				CLANG_WARN_QUOTED_INCLUDE_IN_FRAMEWORK_HEADER = YES;
				CLANG_WARN_RANGE_LOOP_ANALYSIS = YES;
				CLANG_WARN_STRICT_PROTOTYPES = YES;
				CLANG_WARN_SUSPICIOUS_MOVE = YES;
				CLANG_WARN_UNGUARDED_AVAILABILITY = YES_AGGRESSIVE;
				CLANG_WARN_UNREACHABLE_CODE = YES;
				CLANG_WARN__DUPLICATE_METHOD_MATCH = YES;
				COPY_PHASE_STRIP = NO;
				DEBUG_INFORMATION_FORMAT = "dwarf-with-dsym";
				ENABLE_NS_ASSERTIONS = NO;
				ENABLE_STRICT_OBJC_MSGSEND = YES;
				ENABLE_USER_SCRIPT_SANDBOXING = YES;
				GCC_C_LANGUAGE_STANDARD = gnu17;
				GCC_NO_COMMON_BLOCKS = YES;
				GCC_WARN_64_TO_32_BIT_CONVERSION = YES;
				GCC_WARN_ABOUT_RETURN_TYPE = YES_ERROR;
				GCC_WARN_UNDECLARED_SELECTOR = YES;
				GCC_WARN_UNINITIALIZED_AUTOS = YES_AGGRESSIVE;
				GCC_WARN_UNUSED_FUNCTION = YES;
				GCC_WARN_UNUSED_VARIABLE = YES;
				IPHONEOS_DEPLOYMENT_TARGET = 18.2;
				LOCALIZATION_PREFERS_STRING_CATALOGS = YES;
				MTL_ENABLE_DEBUG_INFO = NO;
				MTL_FAST_MATH = YES;
				SDKROOT = iphoneos;
				SWIFT_COMPILATION_MODE = wholemodule;
				VALIDATE_PRODUCT = YES;
			};
			name = Release;
		};
		9EB028DB2EA80D1B00F48163 /* Debug */ = {
			isa = XCBuildConfiguration;
			buildSettings = {
				BUNDLE_LOADER = "$(TEST_HOST)";
				CODE_SIGN_STYLE = Automatic;
				CURRENT_PROJECT_VERSION = 1;
				DEVELOPMENT_TEAM = 55756SRTUS;
				GENERATE_INFOPLIST_FILE = YES;
				IPHONEOS_DEPLOYMENT_TARGET = 18.2;
				MARKETING_VERSION = 1.0;
				PRODUCT_BUNDLE_IDENTIFIER = "Jessica-Vasquez.login-uikit-ui-testingTests";
				PRODUCT_NAME = "$(TARGET_NAME)";
				SWIFT_EMIT_LOC_STRINGS = NO;
				SWIFT_VERSION = 5.0;
				TARGETED_DEVICE_FAMILY = "1,2";
				TEST_HOST = "$(BUILT_PRODUCTS_DIR)/login-uikit-ui-testing.app/$(BUNDLE_EXECUTABLE_FOLDER_PATH)/login-uikit-ui-testing";
			};
			name = Debug;
		};
		9EB028DC2EA80D1B00F48163 /* Release */ = {
			isa = XCBuildConfiguration;
			buildSettings = {
				BUNDLE_LOADER = "$(TEST_HOST)";
				CODE_SIGN_STYLE = Automatic;
				CURRENT_PROJECT_VERSION = 1;
				DEVELOPMENT_TEAM = 55756SRTUS;
				GENERATE_INFOPLIST_FILE = YES;
				IPHONEOS_DEPLOYMENT_TARGET = 18.2;
				MARKETING_VERSION = 1.0;
				PRODUCT_BUNDLE_IDENTIFIER = "Jessica-Vasquez.login-uikit-ui-testingTests";
				PRODUCT_NAME = "$(TARGET_NAME)";
				SWIFT_EMIT_LOC_STRINGS = NO;
				SWIFT_VERSION = 5.0;
				TARGETED_DEVICE_FAMILY = "1,2";
				TEST_HOST = "$(BUILT_PRODUCTS_DIR)/login-uikit-ui-testing.app/$(BUNDLE_EXECUTABLE_FOLDER_PATH)/login-uikit-ui-testing";
			};
			name = Release;
		};
		9EB028DE2EA80D1B00F48163 /* Debug */ = {
			isa = XCBuildConfiguration;
			buildSettings = {
				CODE_SIGN_STYLE = Automatic;
				CURRENT_PROJECT_VERSION = 1;
				DEVELOPMENT_TEAM = 55756SRTUS;
				GENERATE_INFOPLIST_FILE = YES;
				MARKETING_VERSION = 1.0;
				PRODUCT_BUNDLE_IDENTIFIER = "Jessica-Vasquez.login-uikit-ui-testingUITests";
				PRODUCT_NAME = "$(TARGET_NAME)";
				SWIFT_EMIT_LOC_STRINGS = NO;
				SWIFT_VERSION = 5.0;
				TARGETED_DEVICE_FAMILY = "1,2";
				TEST_TARGET_NAME = "login-uikit-ui-testing";
			};
			name = Debug;
		};
		9EB028DF2EA80D1B00F48163 /* Release */ = {
			isa = XCBuildConfiguration;
			buildSettings = {
				CODE_SIGN_STYLE = Automatic;
				CURRENT_PROJECT_VERSION = 1;
				DEVELOPMENT_TEAM = 55756SRTUS;
				GENERATE_INFOPLIST_FILE = YES;
				MARKETING_VERSION = 1.0;
				PRODUCT_BUNDLE_IDENTIFIER = "Jessica-Vasquez.login-uikit-ui-testingUITests";
				PRODUCT_NAME = "$(TARGET_NAME)";
				SWIFT_EMIT_LOC_STRINGS = NO;
				SWIFT_VERSION = 5.0;
				TARGETED_DEVICE_FAMILY = "1,2";
				TEST_TARGET_NAME = "login-uikit-ui-testing";
			};
			name = Release;
		};
/* End XCBuildConfiguration section */

/* Begin XCConfigurationList section */
		9EB028A42EA80D1900F48163 /* Build configuration list for PBXProject "login-uikit-ui-testing" */ = {
			isa = XCConfigurationList;
			buildConfigurations = (
				9EB028D82EA80D1B00F48163 /* Debug */,
				9EB028D92EA80D1B00F48163 /* Release */,
			);
			defaultConfigurationIsVisible = 0;
			defaultConfigurationName = Release;
		};
		9EB028D52EA80D1B00F48163 /* Build configuration list for PBXNativeTarget "login-uikit-ui-testing" */ = {
			isa = XCConfigurationList;
			buildConfigurations = (
				9EB028D62EA80D1B00F48163 /* Debug */,
				9EB028D72EA80D1B00F48163 /* Release */,
			);
			defaultConfigurationIsVisible = 0;
			defaultConfigurationName = Release;
		};
		9EB028DA2EA80D1B00F48163 /* Build configuration list for PBXNativeTarget "login-uikit-ui-testingTests" */ = {
			isa = XCConfigurationList;
			buildConfigurations = (
				9EB028DB2EA80D1B00F48163 /* Debug */,
				9EB028DC2EA80D1B00F48163 /* Release */,
			);
			defaultConfigurationIsVisible = 0;
			defaultConfigurationName = Release;
		};
		9EB028DD2EA80D1B00F48163 /* Build configuration list for PBXNativeTarget "login-uikit-ui-testingUITests" */ = {
			isa = XCConfigurationList;
			buildConfigurations = (
				9EB028DE2EA80D1B00F48163 /* Debug */,
				9EB028DF2EA80D1B00F48163 /* Release */,
			);
			defaultConfigurationIsVisible = 0;
			defaultConfigurationName = Release;
		};
/* End XCConfigurationList section */
	};
	rootObject = 9EB028A12EA80D1900F48163 /* Project object */;
}
